
Microsoft Visual Studio Solution File, Format Version 12.00
# Visual Studio Version 17
VisualStudioVersion = 17.0.31912.275
MinimumVisualStudioVersion = 10.0.40219.1
Project("{9A19103F-16F7-4668-BE54-9A1E7A4F7556}") = "PlatformService", "PlatformService.csproj", "{DF7BF9F1-3D97-4D9A-8682-BA0C9E85553B}"
EndProject
Global
	GlobalSection(SolutionConfigurationPlatforms) = preSolution
		Debug|Any CPU = Debug|Any CPU
		Release|Any CPU = Release|Any CPU
	EndGlobalSection
	GlobalSection(ProjectConfigurationPlatforms) = postSolution
		{DF7BF9F1-3D97-4D9A-8682-BA0C9E85553B}.Debug|Any CPU.ActiveCfg = Debug|Any CPU
		{DF7BF9F1-3D97-4D9A-8682-BA0C9E85553B}.Debug|Any CPU.Build.0 = Debug|Any CPU
		{DF7BF9F1-3D97-4D9A-8682-BA0C9E85553B}.Release|Any CPU.ActiveCfg = Release|Any CPU
		{DF7BF9F1-3D97-4D9A-8682-BA0C9E85553B}.Release|Any CPU.Build.0 = Release|Any CPU
	EndGlobalSection
	GlobalSection(SolutionProperties) = preSolution
		HideSolutionNode = FALSE
	EndGlobalSection
	GlobalSection(ExtensibilityGlobals) = postSolution
		SolutionGuid = {FCA60262-D749-444D-A127-B125ADE4CC8B}
	EndGlobalSection
EndGlobal
